
Microsoft Visual Studio Solution File, Format Version 12.00
Project("{FAE04EC0-301F-11D3-BF4B-00C04F79EFBC}") = "Rancher.Net", "Rancher.Net\Rancher.Net.csproj", "{6299873F-102C-4A34-A453-1E04C02E500A}"
EndProject
Project("{FAE04EC0-301F-11D3-BF4B-00C04F79EFBC}") = "Rancher.Net.Tests", "Rancher.Net.Tests\Rancher.Net.Tests.csproj", "{AF9FA5E2-4901-451D-970C-B3519655A74D}"
EndProject
Global
	GlobalSection(SolutionConfigurationPlatforms) = preSolution
		Debug|Any CPU = Debug|Any CPU
		Release|Any CPU = Release|Any CPU
	EndGlobalSection
	GlobalSection(ProjectConfigurationPlatforms) = postSolution
		{6299873F-102C-4A34-A453-1E04C02E500A}.Debug|Any CPU.ActiveCfg = Debug|Any CPU
		{6299873F-102C-4A34-A453-1E04C02E500A}.Debug|Any CPU.Build.0 = Debug|Any CPU
		{6299873F-102C-4A34-A453-1E04C02E500A}.Release|Any CPU.ActiveCfg = Release|Any CPU
		{6299873F-102C-4A34-A453-1E04C02E500A}.Release|Any CPU.Build.0 = Release|Any CPU
		{AF9FA5E2-4901-451D-970C-B3519655A74D}.Debug|Any CPU.ActiveCfg = Debug|Any CPU
		{AF9FA5E2-4901-451D-970C-B3519655A74D}.Debug|Any CPU.Build.0 = Debug|Any CPU
		{AF9FA5E2-4901-451D-970C-B3519655A74D}.Release|Any CPU.ActiveCfg = Release|Any CPU
		{AF9FA5E2-4901-451D-970C-B3519655A74D}.Release|Any CPU.Build.0 = Release|Any CPU
	EndGlobalSection
EndGlobal
